
Microsoft Visual Studio Solution File, Format Version 12.00
# Visual Studio Version 17
VisualStudioVersion = 17.3.32929.385
MinimumVisualStudioVersion = 10.0.40219.1
Project("{FAE04EC0-301F-11D3-BF4B-00C04F79EFBC}") = "MadLibs", "MadLibs\MadLibs.csproj", "{9BEBCB5A-0EF5-451A-968E-2150D9A50452}"
EndProject
Global
	GlobalSection(SolutionConfigurationPlatforms) = preSolution
		Debug|Any CPU = Debug|Any CPU
		Release|Any CPU = Release|Any CPU
	EndGlobalSection
	GlobalSection(ProjectConfigurationPlatforms) = postSolution
		{9BEBCB5A-0EF5-451A-968E-2150D9A50452}.Debug|Any CPU.ActiveCfg = Debug|Any CPU
		{9BEBCB5A-0EF5-451A-968E-2150D9A50452}.Debug|Any CPU.Build.0 = Debug|Any CPU
		{9BEBCB5A-0EF5-451A-968E-2150D9A50452}.Release|Any CPU.ActiveCfg = Release|Any CPU
		{9BEBCB5A-0EF5-451A-968E-2150D9A50452}.Release|Any CPU.Build.0 = Release|Any CPU
	EndGlobalSection
	GlobalSection(SolutionProperties) = preSolution
		HideSolutionNode = FALSE
	EndGlobalSection
	GlobalSection(ExtensibilityGlobals) = postSolution
		SolutionGuid = {29515BD9-E10F-4346-8597-A36796EB06D7}
	EndGlobalSection
EndGlobal
